
Microsoft Visual Studio Solution File, Format Version 12.00
# Visual Studio 2013
VisualStudioVersion = 12.0.30501.0
MinimumVisualStudioVersion = 10.0.40219.1
Project("{FAE04EC0-301F-11D3-BF4B-00C04F79EFBC}") = "Facebook2", "Facebook2\Facebook2.csproj", "{B021AF5C-E13E-4AD7-874D-4C15208B96FA}"
EndProject
Global
	GlobalSection(SolutionConfigurationPlatforms) = preSolution
		Debug|Any CPU = Debug|Any CPU
		Release|Any CPU = Release|Any CPU
	EndGlobalSection
	GlobalSection(ProjectConfigurationPlatforms) = postSolution
		{B021AF5C-E13E-4AD7-874D-4C15208B96FA}.Debug|Any CPU.ActiveCfg = Debug|Any CPU
		{B021AF5C-E13E-4AD7-874D-4C15208B96FA}.Debug|Any CPU.Build.0 = Debug|Any CPU
		{B021AF5C-E13E-4AD7-874D-4C15208B96FA}.Release|Any CPU.ActiveCfg = Release|Any CPU
		{B021AF5C-E13E-4AD7-874D-4C15208B96FA}.Release|Any CPU.Build.0 = Release|Any CPU
	EndGlobalSection
	GlobalSection(SolutionProperties) = preSolution
		HideSolutionNode = FALSE
	EndGlobalSection
EndGlobal
